
Microsoft Visual Studio Solution File, Format Version 12.00
# Visual Studio Version 17
VisualStudioVersion = 17.0.31903.59
MinimumVisualStudioVersion = 10.0.40219.1
Project("{2150E333-8FDC-42A3-9474-1A3956D46DE8}") = "src", "src", "{BE20D2F7-08E2-4AF3-85B0-7237E524B6F2}"
EndProject
Project("{FAE04EC0-301F-11D3-BF4B-00C04F79EFBC}") = "Bison.CLI", "src\Bison.CLI\Bison.CLI.csproj", "{212C50FA-A459-44C4-A5DF-2C72B177AC64}"
EndProject
Project("{FAE04EC0-301F-11D3-BF4B-00C04F79EFBC}") = "SimpleDB", "src\SimpleDB\SimpleDB.csproj", "{6ECCF234-A6FD-4C24-BBF9-05213CC929B3}"
EndProject
Project("{2150E333-8FDC-42A3-9474-1A3956D46DE8}") = "test", "test", "{34BC2AE3-8E71-4117-89CD-B61A8DBFF413}"
EndProject
Project("{FAE04EC0-301F-11D3-BF4B-00C04F79EFBC}") = "Bison.CLI.Tests", "test\Bison.CLI.Tests\Bison.CLI.Tests.csproj", "{7635EF3C-C4CE-4FE9-9EE8-D0F8EF22931D}"
EndProject
Project("{FAE04EC0-301F-11D3-BF4B-00C04F79EFBC}") = "SimpleDB.Tests", "test\SimpleDB.Tests\SimpleDB.Tests.csproj", "{B2FCF4F7-4552-453F-9DDE-F2125B72B234}"
EndProject
Project("{FAE04EC0-301F-11D3-BF4B-00C04F79EFBC}") = "Bison.CSVDBService", "src\Bison.CSVDBService\Bison.CSVDBService.csproj", "{4527E0B0-B658-4453-8123-E9BE20D173A2}"
EndProject
Global
	GlobalSection(SolutionConfigurationPlatforms) = preSolution
		Debug|Any CPU = Debug|Any CPU
		Release|Any CPU = Release|Any CPU
	EndGlobalSection
	GlobalSection(SolutionProperties) = preSolution
		HideSolutionNode = FALSE
	EndGlobalSection
	GlobalSection(ProjectConfigurationPlatforms) = postSolution
		{212C50FA-A459-44C4-A5DF-2C72B177AC64}.Debug|Any CPU.ActiveCfg = Debug|Any CPU
		{212C50FA-A459-44C4-A5DF-2C72B177AC64}.Debug|Any CPU.Build.0 = Debug|Any CPU
		{212C50FA-A459-44C4-A5DF-2C72B177AC64}.Release|Any CPU.ActiveCfg = Release|Any CPU
		{212C50FA-A459-44C4-A5DF-2C72B177AC64}.Release|Any CPU.Build.0 = Release|Any CPU
		{6ECCF234-A6FD-4C24-BBF9-05213CC929B3}.Debug|Any CPU.ActiveCfg = Debug|Any CPU
		{6ECCF234-A6FD-4C24-BBF9-05213CC929B3}.Debug|Any CPU.Build.0 = Debug|Any CPU
		{6ECCF234-A6FD-4C24-BBF9-05213CC929B3}.Release|Any CPU.ActiveCfg = Release|Any CPU
		{6ECCF234-A6FD-4C24-BBF9-05213CC929B3}.Release|Any CPU.Build.0 = Release|Any CPU
		{7635EF3C-C4CE-4FE9-9EE8-D0F8EF22931D}.Debug|Any CPU.ActiveCfg = Debug|Any CPU
		{7635EF3C-C4CE-4FE9-9EE8-D0F8EF22931D}.Debug|Any CPU.Build.0 = Debug|Any CPU
		{7635EF3C-C4CE-4FE9-9EE8-D0F8EF22931D}.Release|Any CPU.ActiveCfg = Release|Any CPU
		{7635EF3C-C4CE-4FE9-9EE8-D0F8EF22931D}.Release|Any CPU.Build.0 = Release|Any CPU
		{B2FCF4F7-4552-453F-9DDE-F2125B72B234}.Debug|Any CPU.ActiveCfg = Debug|Any CPU
		{B2FCF4F7-4552-453F-9DDE-F2125B72B234}.Debug|Any CPU.Build.0 = Debug|Any CPU
		{B2FCF4F7-4552-453F-9DDE-F2125B72B234}.Release|Any CPU.ActiveCfg = Release|Any CPU
		{B2FCF4F7-4552-453F-9DDE-F2125B72B234}.Release|Any CPU.Build.0 = Release|Any CPU
		{4527E0B0-B658-4453-8123-E9BE20D173A2}.Debug|Any CPU.ActiveCfg = Debug|Any CPU
		{4527E0B0-B658-4453-8123-E9BE20D173A2}.Debug|Any CPU.Build.0 = Debug|Any CPU
		{4527E0B0-B658-4453-8123-E9BE20D173A2}.Release|Any CPU.ActiveCfg = Release|Any CPU
		{4527E0B0-B658-4453-8123-E9BE20D173A2}.Release|Any CPU.Build.0 = Release|Any CPU
	EndGlobalSection
	GlobalSection(NestedProjects) = preSolution
		{212C50FA-A459-44C4-A5DF-2C72B177AC64} = {BE20D2F7-08E2-4AF3-85B0-7237E524B6F2}
		{6ECCF234-A6FD-4C24-BBF9-05213CC929B3} = {BE20D2F7-08E2-4AF3-85B0-7237E524B6F2}
		{7635EF3C-C4CE-4FE9-9EE8-D0F8EF22931D} = {34BC2AE3-8E71-4117-89CD-B61A8DBFF413}
		{B2FCF4F7-4552-453F-9DDE-F2125B72B234} = {34BC2AE3-8E71-4117-89CD-B61A8DBFF413}
		{4527E0B0-B658-4453-8123-E9BE20D173A2} = {BE20D2F7-08E2-4AF3-85B0-7237E524B6F2}
	EndGlobalSection
EndGlobal
